// !$*UTF8*$!
{
	archiveVersion = 1;
	classes = {
	};
	objectVersion = 56;
	objects = {

/* Begin PBXFileReference section */
		F8048D152B2F3862001EB94B /* [카카오 인턴] 키패드 누르기.playground */ = {isa = PBXFileReference; lastKnownFileType = file.playground; path = "[카카오 인턴] 키패드 누르기.playground"; sourceTree = "<group>"; xcLanguageSpecificationIdentifier = xcode.lang.swift; };
		F8048D162B2F7579001EB94B /* 크레인 인형뽑기 게임.playground */ = {isa = PBXFileReference; lastKnownFileType = file.playground; path = "크레인 인형뽑기 게임.playground"; sourceTree = "<group>"; xcLanguageSpecificationIdentifier = xcode.lang.swift; };
		F804D5952B28396700CD2F47 /* 추억 점수.playground */ = {isa = PBXFileReference; lastKnownFileType = file.playground; path = "추억 점수.playground"; sourceTree = "<group>"; xcLanguageSpecificationIdentifier = xcode.lang.swift; };
		F80A0BCD2B2C3C96002A1178 /* 신고 결과 받기.playground */ = {isa = PBXFileReference; lastKnownFileType = file.playground; path = "신고 결과 받기.playground"; sourceTree = "<group>"; xcLanguageSpecificationIdentifier = xcode.lang.swift; };
		F80A0BCE2B2C4D07002A1178 /* 햄버거 만들기.playground */ = {isa = PBXFileReference; lastKnownFileType = file.playground; path = "햄버거 만들기.playground"; sourceTree = "<group>"; xcLanguageSpecificationIdentifier = xcode.lang.swift; };
		F833C0F42B95DDB800A26310 /* 연속 부분 수열 합의 개수.playground */ = {isa = PBXFileReference; lastKnownFileType = file.playground; path = "연속 부분 수열 합의 개수.playground"; sourceTree = "<group>"; xcLanguageSpecificationIdentifier = xcode.lang.swift; };
		F83D0C532B0BC77B004723C2 /* 개인정보 수집 유효기간.playground */ = {isa = PBXFileReference; lastKnownFileType = file.playground; path = "개인정보 수집 유효기간.playground"; sourceTree = "<group>"; xcLanguageSpecificationIdentifier = xcode.lang.swift; };
		F83D0C552B0BDC94004723C2 /* 성격 유형 검사하기.playground */ = {isa = PBXFileReference; lastKnownFileType = file.playground; path = "성격 유형 검사하기.playground"; sourceTree = "<group>"; xcLanguageSpecificationIdentifier = xcode.lang.swift; };
		F881D5322B95BE4100CADB41 /* 귤 고르기.playground */ = {isa = PBXFileReference; lastKnownFileType = file.playground; path = "귤 고르기.playground"; sourceTree = "<group>"; xcLanguageSpecificationIdentifier = xcode.lang.swift; };
		F88C53832B90886B008D019C /* 점프와 순간 이동.playground */ = {isa = PBXFileReference; lastKnownFileType = file.playground; path = "점프와 순간 이동.playground"; sourceTree = "<group>"; xcLanguageSpecificationIdentifier = xcode.lang.swift; };
		F88C53842B90969C008D019C /* N개의 최소공배수.playground */ = {isa = PBXFileReference; lastKnownFileType = file.playground; path = "N개의 최소공배수.playground"; sourceTree = "<group>"; xcLanguageSpecificationIdentifier = xcode.lang.swift; };
		F88C53852B90A71B008D019C /* 예상 대진표.playground */ = {isa = PBXFileReference; lastKnownFileType = file.playground; path = "예상 대진표.playground"; sourceTree = "<group>"; xcLanguageSpecificationIdentifier = xcode.lang.swift; };
		F88C53862B955C64008D019C /* 멀리 뛰기.playground */ = {isa = PBXFileReference; lastKnownFileType = file.playground; path = "멀리 뛰기.playground"; sourceTree = "<group>"; xcLanguageSpecificationIdentifier = xcode.lang.swift; };
		F88D22F12B8C98BF0056ACB8 /* 숫자 짝꿍.playground */ = {isa = PBXFileReference; lastKnownFileType = file.playground; path = "숫자 짝꿍.playground"; sourceTree = "<group>"; xcLanguageSpecificationIdentifier = xcode.lang.swift; };
		F88D22F22B8CAD610056ACB8 /* 문자열 나누기.playground */ = {isa = PBXFileReference; lastKnownFileType = file.playground; path = "문자열 나누기.playground"; sourceTree = "<group>"; xcLanguageSpecificationIdentifier = xcode.lang.swift; };
		F88D22F42B8CB6B20056ACB8 /* 로또의 최고 순위와 최저 순위.playground */ = {isa = PBXFileReference; lastKnownFileType = file.playground; path = "로또의 최고 순위와 최저 순위.playground"; sourceTree = "<group>"; xcLanguageSpecificationIdentifier = xcode.lang.swift; };
		F88D22F52B8F241C0056ACB8 /* 최댓값과 최솟값.playground */ = {isa = PBXFileReference; lastKnownFileType = file.playground; path = "최댓값과 최솟값.playground"; sourceTree = "<group>"; xcLanguageSpecificationIdentifier = xcode.lang.swift; };
		F88D22F62B8F27E40056ACB8 /* JadenCase 문자열 만들기.playground */ = {isa = PBXFileReference; lastKnownFileType = file.playground; path = "JadenCase 문자열 만들기.playground"; sourceTree = "<group>"; xcLanguageSpecificationIdentifier = xcode.lang.swift; };
		F88D22F72B8F35960056ACB8 /* 최솟값 만들기.playground */ = {isa = PBXFileReference; lastKnownFileType = file.playground; path = "최솟값 만들기.playground"; sourceTree = "<group>"; xcLanguageSpecificationIdentifier = xcode.lang.swift; };
		F88D22F82B8F3A120056ACB8 /* 올바른 괄호.playground */ = {isa = PBXFileReference; lastKnownFileType = file.playground; path = "올바른 괄호.playground"; sourceTree = "<group>"; xcLanguageSpecificationIdentifier = xcode.lang.swift; };
		F88D22F92B8F4B000056ACB8 /* 이진 변환 반복하기.playground */ = {isa = PBXFileReference; lastKnownFileType = file.playground; path = "이진 변환 반복하기.playground"; sourceTree = "<group>"; xcLanguageSpecificationIdentifier = xcode.lang.swift; };
		F88D22FA2B8F530F0056ACB8 /* 다음 큰 숫자.playground */ = {isa = PBXFileReference; lastKnownFileType = file.playground; path = "다음 큰 숫자.playground"; sourceTree = "<group>"; xcLanguageSpecificationIdentifier = xcode.lang.swift; };
		F88D22FB2B8F7D940056ACB8 /* 피보나치 수.playground */ = {isa = PBXFileReference; lastKnownFileType = file.playground; path = "피보나치 수.playground"; sourceTree = "<group>"; xcLanguageSpecificationIdentifier = xcode.lang.swift; };
		F88D22FC2B8F9A550056ACB8 /* 짝지어 제거하기.playground */ = {isa = PBXFileReference; lastKnownFileType = file.playground; path = "짝지어 제거하기.playground"; sourceTree = "<group>"; xcLanguageSpecificationIdentifier = xcode.lang.swift; };
		F88D22FD2B8FA2470056ACB8 /* 카펫.playground */ = {isa = PBXFileReference; lastKnownFileType = file.playground; path = "카펫.playground"; sourceTree = "<group>"; xcLanguageSpecificationIdentifier = xcode.lang.swift; };
		F8D9A99A2B9071DE0075C445 /* 영어 끝말잇기.playground */ = {isa = PBXFileReference; lastKnownFileType = file.playground; path = "영어 끝말잇기.playground"; sourceTree = "<group>"; xcLanguageSpecificationIdentifier = xcode.lang.swift; };
		F8F0F9732B70033B00FEABDA /* 가장 많이 받은 선물.playground */ = {isa = PBXFileReference; lastKnownFileType = file.playground; path = "가장 많이 받은 선물.playground"; sourceTree = "<group>"; xcLanguageSpecificationIdentifier = xcode.lang.swift; };
		F8F0F9742B7026B700FEABDA /* 체육복.playground */ = {isa = PBXFileReference; lastKnownFileType = file.playground; path = "체육복.playground"; sourceTree = "<group>"; xcLanguageSpecificationIdentifier = xcode.lang.swift; };
		F8F21D042B297D7E00B1EDD9 /* 덧칠하기.playground */ = {isa = PBXFileReference; lastKnownFileType = file.playground; path = "덧칠하기.playground"; sourceTree = "<group>"; xcLanguageSpecificationIdentifier = xcode.lang.swift; };
		F8F21D052B299C1400B1EDD9 /* 대충 만든 자판.playground */ = {isa = PBXFileReference; lastKnownFileType = file.playground; path = "대충 만든 자판.playground"; sourceTree = "<group>"; xcLanguageSpecificationIdentifier = xcode.lang.swift; };
		F8F21D062B29C75D00B1EDD9 /* 카드 뭉치.playground */ = {isa = PBXFileReference; lastKnownFileType = file.playground; path = "카드 뭉치.playground"; sourceTree = "<group>"; xcLanguageSpecificationIdentifier = xcode.lang.swift; };
		F8F21D072B29CBAA00B1EDD9 /* 둘만의 암호.playground */ = {isa = PBXFileReference; lastKnownFileType = file.playground; path = "둘만의 암호.playground"; sourceTree = "<group>"; xcLanguageSpecificationIdentifier = xcode.lang.swift; };
		F8F21D082B2ADFB800B1EDD9 /* 신규 아이디 추천.playground */ = {isa = PBXFileReference; lastKnownFileType = file.playground; path = "신규 아이디 추천.playground"; sourceTree = "<group>"; xcLanguageSpecificationIdentifier = xcode.lang.swift; };
/* End PBXFileReference section */

/* Begin PBXGroup section */
		F83D0C4C2B0BC746004723C2 = {
			isa = PBXGroup;
			children = (
				F833C0F42B95DDB800A26310 /* 연속 부분 수열 합의 개수.playground */,
				F881D5322B95BE4100CADB41 /* 귤 고르기.playground */,
				F88C53862B955C64008D019C /* 멀리 뛰기.playground */,
				F88C53852B90A71B008D019C /* 예상 대진표.playground */,
				F88C53842B90969C008D019C /* N개의 최소공배수.playground */,
				F88C53832B90886B008D019C /* 점프와 순간 이동.playground */,
				F8D9A99A2B9071DE0075C445 /* 영어 끝말잇기.playground */,
				F88D22FD2B8FA2470056ACB8 /* 카펫.playground */,
				F88D22FC2B8F9A550056ACB8 /* 짝지어 제거하기.playground */,
				F88D22FB2B8F7D940056ACB8 /* 피보나치 수.playground */,
				F88D22FA2B8F530F0056ACB8 /* 다음 큰 숫자.playground */,
				F88D22F92B8F4B000056ACB8 /* 이진 변환 반복하기.playground */,
				F88D22F82B8F3A120056ACB8 /* 올바른 괄호.playground */,
				F88D22F72B8F35960056ACB8 /* 최솟값 만들기.playground */,
				F88D22F62B8F27E40056ACB8 /* JadenCase 문자열 만들기.playground */,
				F88D22F52B8F241C0056ACB8 /* 최댓값과 최솟값.playground */,
				F88D22F42B8CB6B20056ACB8 /* 로또의 최고 순위와 최저 순위.playground */,
				F88D22F22B8CAD610056ACB8 /* 문자열 나누기.playground */,
				F88D22F12B8C98BF0056ACB8 /* 숫자 짝꿍.playground */,
				F8F0F9742B7026B700FEABDA /* 체육복.playground */,
				F8F0F9732B70033B00FEABDA /* 가장 많이 받은 선물.playground */,
				F8048D162B2F7579001EB94B /* 크레인 인형뽑기 게임.playground */,
				F8048D152B2F3862001EB94B /* [카카오 인턴] 키패드 누르기.playground */,
				F80A0BCE2B2C4D07002A1178 /* 햄버거 만들기.playground */,
				F80A0BCD2B2C3C96002A1178 /* 신고 결과 받기.playground */,
				F8F21D082B2ADFB800B1EDD9 /* 신규 아이디 추천.playground */,
				F8F21D072B29CBAA00B1EDD9 /* 둘만의 암호.playground */,
				F8F21D062B29C75D00B1EDD9 /* 카드 뭉치.playground */,
				F8F21D052B299C1400B1EDD9 /* 대충 만든 자판.playground */,
				F8F21D042B297D7E00B1EDD9 /* 덧칠하기.playground */,
				F804D5952B28396700CD2F47 /* 추억 점수.playground */,
				F83D0C552B0BDC94004723C2 /* 성격 유형 검사하기.playground */,
				F83D0C532B0BC77B004723C2 /* 개인정보 수집 유효기간.playground */,
			);
			sourceTree = "<group>";
		};
/* End PBXGroup section */

/* Begin PBXProject section */
		F83D0C4D2B0BC746004723C2 /* Project object */ = {
			isa = PBXProject;
			attributes = {
				BuildIndependentTargetsInParallel = 1;
				LastUpgradeCheck = 1510;
			};
			buildConfigurationList = F83D0C502B0BC746004723C2 /* Build configuration list for PBXProject "Algorithm" */;
			compatibilityVersion = "Xcode 14.0";
			developmentRegion = en;
			hasScannedForEncodings = 0;
			knownRegions = (
				en,
				Base,
			);
			mainGroup = F83D0C4C2B0BC746004723C2;
			projectDirPath = "";
			projectRoot = "";
			targets = (
			);
		};
/* End PBXProject section */

/* Begin XCBuildConfiguration section */
		F83D0C512B0BC746004723C2 /* Debug */ = {
			isa = XCBuildConfiguration;
			buildSettings = {
				CLANG_WARN_BLOCK_CAPTURE_AUTORELEASING = YES;
				CLANG_WARN_BOOL_CONVERSION = YES;
				CLANG_WARN_COMMA = YES;
				CLANG_WARN_CONSTANT_CONVERSION = YES;
				CLANG_WARN_DEPRECATED_OBJC_IMPLEMENTATIONS = YES;
				CLANG_WARN_EMPTY_BODY = YES;
				CLANG_WARN_ENUM_CONVERSION = YES;
				CLANG_WARN_INFINITE_RECURSION = YES;
				CLANG_WARN_INT_CONVERSION = YES;
				CLANG_WARN_NON_LITERAL_NULL_CONVERSION = YES;
				CLANG_WARN_OBJC_IMPLICIT_RETAIN_SELF = YES;
				CLANG_WARN_OBJC_LITERAL_CONVERSION = YES;
				CLANG_WARN_QUOTED_INCLUDE_IN_FRAMEWORK_HEADER = YES;
				CLANG_WARN_RANGE_LOOP_ANALYSIS = YES;
				CLANG_WARN_STRICT_PROTOTYPES = YES;
				CLANG_WARN_SUSPICIOUS_MOVE = YES;
				CLANG_WARN_UNREACHABLE_CODE = YES;
				CLANG_WARN__DUPLICATE_METHOD_MATCH = YES;
				DEAD_CODE_STRIPPING = YES;
				ENABLE_STRICT_OBJC_MSGSEND = YES;
				ENABLE_TESTABILITY = YES;
				ENABLE_USER_SCRIPT_SANDBOXING = YES;
				GCC_NO_COMMON_BLOCKS = YES;
				GCC_WARN_64_TO_32_BIT_CONVERSION = YES;
				GCC_WARN_ABOUT_RETURN_TYPE = YES;
				GCC_WARN_UNDECLARED_SELECTOR = YES;
				GCC_WARN_UNINITIALIZED_AUTOS = YES;
				GCC_WARN_UNUSED_FUNCTION = YES;
				GCC_WARN_UNUSED_VARIABLE = YES;
				ONLY_ACTIVE_ARCH = YES;
			};
			name = Debug;
		};
		F83D0C522B0BC746004723C2 /* Release */ = {
			isa = XCBuildConfiguration;
			buildSettings = {
				CLANG_WARN_BLOCK_CAPTURE_AUTORELEASING = YES;
				CLANG_WARN_BOOL_CONVERSION = YES;
				CLANG_WARN_COMMA = YES;
				CLANG_WARN_CONSTANT_CONVERSION = YES;
				CLANG_WARN_DEPRECATED_OBJC_IMPLEMENTATIONS = YES;
				CLANG_WARN_EMPTY_BODY = YES;
				CLANG_WARN_ENUM_CONVERSION = YES;
				CLANG_WARN_INFINITE_RECURSION = YES;
				CLANG_WARN_INT_CONVERSION = YES;
				CLANG_WARN_NON_LITERAL_NULL_CONVERSION = YES;
				CLANG_WARN_OBJC_IMPLICIT_RETAIN_SELF = YES;
				CLANG_WARN_OBJC_LITERAL_CONVERSION = YES;
				CLANG_WARN_QUOTED_INCLUDE_IN_FRAMEWORK_HEADER = YES;
				CLANG_WARN_RANGE_LOOP_ANALYSIS = YES;
				CLANG_WARN_STRICT_PROTOTYPES = YES;
				CLANG_WARN_SUSPICIOUS_MOVE = YES;
				CLANG_WARN_UNREACHABLE_CODE = YES;
				CLANG_WARN__DUPLICATE_METHOD_MATCH = YES;
				DEAD_CODE_STRIPPING = YES;
				ENABLE_STRICT_OBJC_MSGSEND = YES;
				ENABLE_USER_SCRIPT_SANDBOXING = YES;
				GCC_NO_COMMON_BLOCKS = YES;
				GCC_WARN_64_TO_32_BIT_CONVERSION = YES;
				GCC_WARN_ABOUT_RETURN_TYPE = YES;
				GCC_WARN_UNDECLARED_SELECTOR = YES;
				GCC_WARN_UNINITIALIZED_AUTOS = YES;
				GCC_WARN_UNUSED_FUNCTION = YES;
				GCC_WARN_UNUSED_VARIABLE = YES;
			};
			name = Release;
		};
/* End XCBuildConfiguration section */

/* Begin XCConfigurationList section */
		F83D0C502B0BC746004723C2 /* Build configuration list for PBXProject "Algorithm" */ = {
			isa = XCConfigurationList;
			buildConfigurations = (
				F83D0C512B0BC746004723C2 /* Debug */,
				F83D0C522B0BC746004723C2 /* Release */,
			);
			defaultConfigurationIsVisible = 0;
			defaultConfigurationName = Release;
		};
/* End XCConfigurationList section */
	};
	rootObject = F83D0C4D2B0BC746004723C2 /* Project object */;
}
