// !$*UTF8*$!
{
	archiveVersion = 1;
	classes = {
	};
	objectVersion = 56;
	objects = {

/* Begin PBXFileReference section */
		F804D5952B28396700CD2F47 /* 추억 점수.playground */ = {isa = PBXFileReference; lastKnownFileType = file.playground; path = "추억 점수.playground"; sourceTree = "<group>"; xcLanguageSpecificationIdentifier = xcode.lang.swift; };
		F83D0C532B0BC77B004723C2 /* 개인정보 수집 유효기간.playground */ = {isa = PBXFileReference; lastKnownFileType = file.playground; path = "개인정보 수집 유효기간.playground"; sourceTree = "<group>"; xcLanguageSpecificationIdentifier = xcode.lang.swift; };
		F83D0C552B0BDC94004723C2 /* 성격 유형 검사하기.playground */ = {isa = PBXFileReference; lastKnownFileType = file.playground; path = "성격 유형 검사하기.playground"; sourceTree = "<group>"; xcLanguageSpecificationIdentifier = xcode.lang.swift; };
		F8F21D042B297D7E00B1EDD9 /* 덧칠하기.playground */ = {isa = PBXFileReference; lastKnownFileType = file.playground; path = "덧칠하기.playground"; sourceTree = "<group>"; xcLanguageSpecificationIdentifier = xcode.lang.swift; };
		F8F21D052B299C1400B1EDD9 /* 대충 만든 자판.playground */ = {isa = PBXFileReference; lastKnownFileType = file.playground; path = "대충 만든 자판.playground"; sourceTree = "<group>"; xcLanguageSpecificationIdentifier = xcode.lang.swift; };
		F8F21D062B29C75D00B1EDD9 /* 카드 뭉치.playground */ = {isa = PBXFileReference; lastKnownFileType = file.playground; path = "카드 뭉치.playground"; sourceTree = "<group>"; xcLanguageSpecificationIdentifier = xcode.lang.swift; };
		F8F21D072B29CBAA00B1EDD9 /* 둘만의 암호.playground */ = {isa = PBXFileReference; lastKnownFileType = file.playground; path = "둘만의 암호.playground"; sourceTree = "<group>"; xcLanguageSpecificationIdentifier = xcode.lang.swift; };
		F8F21D082B2ADFB800B1EDD9 /* 신규 아이디 추천.playground */ = {isa = PBXFileReference; lastKnownFileType = file.playground; path = "신규 아이디 추천.playground"; sourceTree = "<group>"; xcLanguageSpecificationIdentifier = xcode.lang.swift; };
/* End PBXFileReference section */

/* Begin PBXGroup section */
		F83D0C4C2B0BC746004723C2 = {
			isa = PBXGroup;
			children = (
				F8F21D082B2ADFB800B1EDD9 /* 신규 아이디 추천.playground */,
				F8F21D072B29CBAA00B1EDD9 /* 둘만의 암호.playground */,
				F8F21D062B29C75D00B1EDD9 /* 카드 뭉치.playground */,
				F8F21D052B299C1400B1EDD9 /* 대충 만든 자판.playground */,
				F8F21D042B297D7E00B1EDD9 /* 덧칠하기.playground */,
				F804D5952B28396700CD2F47 /* 추억 점수.playground */,
				F83D0C552B0BDC94004723C2 /* 성격 유형 검사하기.playground */,
				F83D0C532B0BC77B004723C2 /* 개인정보 수집 유효기간.playground */,
			);
			sourceTree = "<group>";
		};
/* End PBXGroup section */

/* Begin PBXProject section */
		F83D0C4D2B0BC746004723C2 /* Project object */ = {
			isa = PBXProject;
			attributes = {
				BuildIndependentTargetsInParallel = 1;
				LastUpgradeCheck = 1500;
			};
			buildConfigurationList = F83D0C502B0BC746004723C2 /* Build configuration list for PBXProject "Algorithm" */;
			compatibilityVersion = "Xcode 14.0";
			developmentRegion = en;
			hasScannedForEncodings = 0;
			knownRegions = (
				en,
				Base,
			);
			mainGroup = F83D0C4C2B0BC746004723C2;
			projectDirPath = "";
			projectRoot = "";
			targets = (
			);
		};
/* End PBXProject section */

/* Begin XCBuildConfiguration section */
		F83D0C512B0BC746004723C2 /* Debug */ = {
			isa = XCBuildConfiguration;
			buildSettings = {
			};
			name = Debug;
		};
		F83D0C522B0BC746004723C2 /* Release */ = {
			isa = XCBuildConfiguration;
			buildSettings = {
			};
			name = Release;
		};
/* End XCBuildConfiguration section */

/* Begin XCConfigurationList section */
		F83D0C502B0BC746004723C2 /* Build configuration list for PBXProject "Algorithm" */ = {
			isa = XCConfigurationList;
			buildConfigurations = (
				F83D0C512B0BC746004723C2 /* Debug */,
				F83D0C522B0BC746004723C2 /* Release */,
			);
			defaultConfigurationIsVisible = 0;
			defaultConfigurationName = Release;
		};
/* End XCConfigurationList section */
	};
	rootObject = F83D0C4D2B0BC746004723C2 /* Project object */;
}
